// !$*UTF8*$!
{
	archiveVersion = 1;
	classes = {
	};
	objectVersion = 56;
	objects = {

/* Begin PBXBuildFile section */
		575D51772CBEDC030070198C /* restaurant_main.cpp in Sources */ = {isa = PBXBuildFile; fileRef = 575D51712CBEDC030070198C /* restaurant_main.cpp */; };
		575D51782CBEDC030070198C /* TimeHrMn.cpp in Sources */ = {isa = PBXBuildFile; fileRef = 575D51732CBEDC030070198C /* TimeHrMn.cpp */; };
		575D51792CBEDC030070198C /* restaurant.cpp in Sources */ = {isa = PBXBuildFile; fileRef = 575D51742CBEDC030070198C /* restaurant.cpp */; };
		575D517A2CBEDC030070198C /* t_main.cpp in Sources */ = {isa = PBXBuildFile; fileRef = 575D51762CBEDC030070198C /* t_main.cpp */; };
		575D519C2CBEDF9C0070198C /* LinkedList.cpp in Sources */ = {isa = PBXBuildFile; fileRef = 575D519B2CBEDF9C0070198C /* LinkedList.cpp */; };
		57825EB62CD3D64D00C090A6 /* inhert.cpp in Sources */ = {isa = PBXBuildFile; fileRef = 57825EB52CD3D64500C090A6 /* inhert.cpp */; };
/* End PBXBuildFile section */

/* Begin PBXCopyFilesBuildPhase section */
		575D51652CBEDB200070198C /* CopyFiles */ = {
			isa = PBXCopyFilesBuildPhase;
			buildActionMask = 2147483647;
			dstPath = /usr/share/man/man1/;
			dstSubfolderSpec = 0;
			files = (
			);
			runOnlyForDeploymentPostprocessing = 1;
		};
/* End PBXCopyFilesBuildPhase section */

/* Begin PBXFileReference section */
		575D51672CBEDB200070198C /* cs2370-004-2024f */ = {isa = PBXFileReference; explicitFileType = "compiled.mach-o.executable"; includeInIndex = 0; path = "cs2370-004-2024f"; sourceTree = BUILT_PRODUCTS_DIR; };
		575D51712CBEDC030070198C /* restaurant_main.cpp */ = {isa = PBXFileReference; fileEncoding = 4; lastKnownFileType = sourcecode.cpp.cpp; path = restaurant_main.cpp; sourceTree = "<group>"; };
		575D51722CBEDC030070198C /* restaurant.h */ = {isa = PBXFileReference; fileEncoding = 4; lastKnownFileType = sourcecode.c.h; path = restaurant.h; sourceTree = "<group>"; };
		575D51732CBEDC030070198C /* TimeHrMn.cpp */ = {isa = PBXFileReference; fileEncoding = 4; lastKnownFileType = sourcecode.cpp.cpp; path = TimeHrMn.cpp; sourceTree = "<group>"; };
		575D51742CBEDC030070198C /* restaurant.cpp */ = {isa = PBXFileReference; fileEncoding = 4; lastKnownFileType = sourcecode.cpp.cpp; path = restaurant.cpp; sourceTree = "<group>"; };
		575D51752CBEDC030070198C /* TimeHrMn.h */ = {isa = PBXFileReference; fileEncoding = 4; lastKnownFileType = sourcecode.c.h; path = TimeHrMn.h; sourceTree = "<group>"; };
		575D51762CBEDC030070198C /* t_main.cpp */ = {isa = PBXFileReference; fileEncoding = 4; lastKnownFileType = sourcecode.cpp.cpp; path = t_main.cpp; sourceTree = "<group>"; };
		575D519A2CBEDF4E0070198C /* LinkedListNode.h */ = {isa = PBXFileReference; lastKnownFileType = sourcecode.c.h; path = LinkedListNode.h; sourceTree = "<group>"; };
		575D519B2CBEDF9C0070198C /* LinkedList.cpp */ = {isa = PBXFileReference; lastKnownFileType = sourcecode.cpp.cpp; path = LinkedList.cpp; sourceTree = "<group>"; };
		57825EB52CD3D64500C090A6 /* inhert.cpp */ = {isa = PBXFileReference; lastKnownFileType = sourcecode.cpp.cpp; path = inhert.cpp; sourceTree = "<group>"; };
/* End PBXFileReference section */

/* Begin PBXFrameworksBuildPhase section */
		575D51642CBEDB200070198C /* Frameworks */ = {
			isa = PBXFrameworksBuildPhase;
			buildActionMask = 2147483647;
			files = (
			);
			runOnlyForDeploymentPostprocessing = 0;
		};
/* End PBXFrameworksBuildPhase section */

/* Begin PBXGroup section */
		575D515E2CBEDB200070198C = {
			isa = PBXGroup;
			children = (
				575D51692CBEDB200070198C /* cs2370-004-2024f */,
				575D51682CBEDB200070198C /* Products */,
			);
			sourceTree = "<group>";
		};
		575D51682CBEDB200070198C /* Products */ = {
			isa = PBXGroup;
			children = (
				575D51672CBEDB200070198C /* cs2370-004-2024f */,
			);
			name = Products;
			sourceTree = "<group>";
		};
		575D51692CBEDB200070198C /* cs2370-004-2024f */ = {
			isa = PBXGroup;
			children = (
				57825EB52CD3D64500C090A6 /* inhert.cpp */,
				575D51712CBEDC030070198C /* restaurant_main.cpp */,
				575D51742CBEDC030070198C /* restaurant.cpp */,
				575D51722CBEDC030070198C /* restaurant.h */,
				575D51762CBEDC030070198C /* t_main.cpp */,
				575D51732CBEDC030070198C /* TimeHrMn.cpp */,
				575D51752CBEDC030070198C /* TimeHrMn.h */,
				575D519A2CBEDF4E0070198C /* LinkedListNode.h */,
				575D519B2CBEDF9C0070198C /* LinkedList.cpp */,
			);
			path = "cs2370-004-2024f";
			sourceTree = "<group>";
		};
/* End PBXGroup section */

/* Begin PBXNativeTarget section */
		575D51662CBEDB200070198C /* cs2370-004-2024f */ = {
			isa = PBXNativeTarget;
			buildConfigurationList = 575D516E2CBEDB200070198C /* Build configuration list for PBXNativeTarget "cs2370-004-2024f" */;
			buildPhases = (
				575D51632CBEDB200070198C /* Sources */,
				575D51642CBEDB200070198C /* Frameworks */,
				575D51652CBEDB200070198C /* CopyFiles */,
			);
			buildRules = (
			);
			dependencies = (
			);
			name = "cs2370-004-2024f";
			productName = "cs2370-004-2024f";
			productReference = 575D51672CBEDB200070198C /* cs2370-004-2024f */;
			productType = "com.apple.product-type.tool";
		};
/* End PBXNativeTarget section */

/* Begin PBXProject section */
		575D515F2CBEDB200070198C /* Project object */ = {
			isa = PBXProject;
			attributes = {
				BuildIndependentTargetsInParallel = 1;
				LastUpgradeCheck = 1500;
				TargetAttributes = {
					575D51662CBEDB200070198C = {
						CreatedOnToolsVersion = 15.0;
					};
				};
			};
			buildConfigurationList = 575D51622CBEDB200070198C /* Build configuration list for PBXProject "cs2370-004-2024f" */;
			compatibilityVersion = "Xcode 14.0";
			developmentRegion = en;
			hasScannedForEncodings = 0;
			knownRegions = (
				en,
				Base,
			);
			mainGroup = 575D515E2CBEDB200070198C;
			productRefGroup = 575D51682CBEDB200070198C /* Products */;
			projectDirPath = "";
			projectRoot = "";
			targets = (
				575D51662CBEDB200070198C /* cs2370-004-2024f */,
			);
		};
/* End PBXProject section */

/* Begin PBXSourcesBuildPhase section */
		575D51632CBEDB200070198C /* Sources */ = {
			isa = PBXSourcesBuildPhase;
			buildActionMask = 2147483647;
			files = (
				575D51772CBEDC030070198C /* restaurant_main.cpp in Sources */,
				575D51792CBEDC030070198C /* restaurant.cpp in Sources */,
				575D519C2CBEDF9C0070198C /* LinkedList.cpp in Sources */,
				575D51782CBEDC030070198C /* TimeHrMn.cpp in Sources */,
				575D517A2CBEDC030070198C /* t_main.cpp in Sources */,
				57825EB62CD3D64D00C090A6 /* inhert.cpp in Sources */,
			);
			runOnlyForDeploymentPostprocessing = 0;
		};
/* End PBXSourcesBuildPhase section */

/* Begin XCBuildConfiguration section */
		575D516C2CBEDB200070198C /* Debug */ = {
			isa = XCBuildConfiguration;
			buildSettings = {
				ALWAYS_SEARCH_USER_PATHS = NO;
				ASSETCATALOG_COMPILER_GENERATE_SWIFT_ASSET_SYMBOL_EXTENSIONS = YES;
				CLANG_ANALYZER_NONNULL = YES;
				CLANG_ANALYZER_NUMBER_OBJECT_CONVERSION = YES_AGGRESSIVE;
				CLANG_CXX_LANGUAGE_STANDARD = "gnu++20";
				CLANG_ENABLE_MODULES = YES;
				CLANG_ENABLE_OBJC_ARC = YES;
				CLANG_ENABLE_OBJC_WEAK = YES;
				CLANG_WARN_BLOCK_CAPTURE_AUTORELEASING = YES;
				CLANG_WARN_BOOL_CONVERSION = YES;
				CLANG_WARN_COMMA = YES;
				CLANG_WARN_CONSTANT_CONVERSION = YES;
				CLANG_WARN_DEPRECATED_OBJC_IMPLEMENTATIONS = YES;
				CLANG_WARN_DIRECT_OBJC_ISA_USAGE = YES_ERROR;
				CLANG_WARN_DOCUMENTATION_COMMENTS = YES;
				CLANG_WARN_EMPTY_BODY = YES;
				CLANG_WARN_ENUM_CONVERSION = YES;
				CLANG_WARN_INFINITE_RECURSION = YES;
				CLANG_WARN_INT_CONVERSION = YES;
				CLANG_WARN_NON_LITERAL_NULL_CONVERSION = YES;
				CLANG_WARN_OBJC_IMPLICIT_RETAIN_SELF = YES;
				CLANG_WARN_OBJC_LITERAL_CONVERSION = YES;
				CLANG_WARN_OBJC_ROOT_CLASS = YES_ERROR;
				CLANG_WARN_QUOTED_INCLUDE_IN_FRAMEWORK_HEADER = YES;
				CLANG_WARN_RANGE_LOOP_ANALYSIS = YES;
				CLANG_WARN_STRICT_PROTOTYPES = YES;
				CLANG_WARN_SUSPICIOUS_MOVE = YES;
				CLANG_WARN_UNGUARDED_AVAILABILITY = YES_AGGRESSIVE;
				CLANG_WARN_UNREACHABLE_CODE = YES;
				CLANG_WARN__DUPLICATE_METHOD_MATCH = YES;
				COPY_PHASE_STRIP = NO;
				DEBUG_INFORMATION_FORMAT = dwarf;
				ENABLE_STRICT_OBJC_MSGSEND = YES;
				ENABLE_TESTABILITY = YES;
				ENABLE_USER_SCRIPT_SANDBOXING = YES;
				GCC_C_LANGUAGE_STANDARD = gnu17;
				GCC_DYNAMIC_NO_PIC = NO;
				GCC_NO_COMMON_BLOCKS = YES;
				GCC_OPTIMIZATION_LEVEL = 0;
				GCC_PREPROCESSOR_DEFINITIONS = (
					"DEBUG=1",
					"$(inherited)",
				);
				GCC_WARN_64_TO_32_BIT_CONVERSION = YES;
				GCC_WARN_ABOUT_RETURN_TYPE = YES_ERROR;
				GCC_WARN_UNDECLARED_SELECTOR = YES;
				GCC_WARN_UNINITIALIZED_AUTOS = YES_AGGRESSIVE;
				GCC_WARN_UNUSED_FUNCTION = YES;
				GCC_WARN_UNUSED_VARIABLE = YES;
				LOCALIZATION_PREFERS_STRING_CATALOGS = YES;
				MACOSX_DEPLOYMENT_TARGET = 14.0;
				MTL_ENABLE_DEBUG_INFO = INCLUDE_SOURCE;
				MTL_FAST_MATH = YES;
				ONLY_ACTIVE_ARCH = YES;
				SDKROOT = macosx;
			};
			name = Debug;
		};
		575D516D2CBEDB200070198C /* Release */ = {
			isa = XCBuildConfiguration;
			buildSettings = {
				ALWAYS_SEARCH_USER_PATHS = NO;
				ASSETCATALOG_COMPILER_GENERATE_SWIFT_ASSET_SYMBOL_EXTENSIONS = YES;
				CLANG_ANALYZER_NONNULL = YES;
				CLANG_ANALYZER_NUMBER_OBJECT_CONVERSION = YES_AGGRESSIVE;
				CLANG_CXX_LANGUAGE_STANDARD = "gnu++20";
				CLANG_ENABLE_MODULES = YES;
				CLANG_ENABLE_OBJC_ARC = YES;
				CLANG_ENABLE_OBJC_WEAK = YES;
				CLANG_WARN_BLOCK_CAPTURE_AUTORELEASING = YES;
				CLANG_WARN_BOOL_CONVERSION = YES;
				CLANG_WARN_COMMA = YES;
				CLANG_WARN_CONSTANT_CONVERSION = YES;
				CLANG_WARN_DEPRECATED_OBJC_IMPLEMENTATIONS = YES;
				CLANG_WARN_DIRECT_OBJC_ISA_USAGE = YES_ERROR;
				CLANG_WARN_DOCUMENTATION_COMMENTS = YES;
				CLANG_WARN_EMPTY_BODY = YES;
				CLANG_WARN_ENUM_CONVERSION = YES;
				CLANG_WARN_INFINITE_RECURSION = YES;
				CLANG_WARN_INT_CONVERSION = YES;
				CLANG_WARN_NON_LITERAL_NULL_CONVERSION = YES;
				CLANG_WARN_OBJC_IMPLICIT_RETAIN_SELF = YES;
				CLANG_WARN_OBJC_LITERAL_CONVERSION = YES;
				CLANG_WARN_OBJC_ROOT_CLASS = YES_ERROR;
				CLANG_WARN_QUOTED_INCLUDE_IN_FRAMEWORK_HEADER = YES;
				CLANG_WARN_RANGE_LOOP_ANALYSIS = YES;
				CLANG_WARN_STRICT_PROTOTYPES = YES;
				CLANG_WARN_SUSPICIOUS_MOVE = YES;
				CLANG_WARN_UNGUARDED_AVAILABILITY = YES_AGGRESSIVE;
				CLANG_WARN_UNREACHABLE_CODE = YES;
				CLANG_WARN__DUPLICATE_METHOD_MATCH = YES;
				COPY_PHASE_STRIP = NO;
				DEBUG_INFORMATION_FORMAT = "dwarf-with-dsym";
				ENABLE_NS_ASSERTIONS = NO;
				ENABLE_STRICT_OBJC_MSGSEND = YES;
				ENABLE_USER_SCRIPT_SANDBOXING = YES;
				GCC_C_LANGUAGE_STANDARD = gnu17;
				GCC_NO_COMMON_BLOCKS = YES;
				GCC_WARN_64_TO_32_BIT_CONVERSION = YES;
				GCC_WARN_ABOUT_RETURN_TYPE = YES_ERROR;
				GCC_WARN_UNDECLARED_SELECTOR = YES;
				GCC_WARN_UNINITIALIZED_AUTOS = YES_AGGRESSIVE;
				GCC_WARN_UNUSED_FUNCTION = YES;
				GCC_WARN_UNUSED_VARIABLE = YES;
				LOCALIZATION_PREFERS_STRING_CATALOGS = YES;
				MACOSX_DEPLOYMENT_TARGET = 14.0;
				MTL_ENABLE_DEBUG_INFO = NO;
				MTL_FAST_MATH = YES;
				SDKROOT = macosx;
			};
			name = Release;
		};
		575D516F2CBEDB200070198C /* Debug */ = {
			isa = XCBuildConfiguration;
			buildSettings = {
				CODE_SIGN_STYLE = Automatic;
				PRODUCT_NAME = "$(TARGET_NAME)";
			};
			name = Debug;
		};
		575D51702CBEDB200070198C /* Release */ = {
			isa = XCBuildConfiguration;
			buildSettings = {
				CODE_SIGN_STYLE = Automatic;
				PRODUCT_NAME = "$(TARGET_NAME)";
			};
			name = Release;
		};
/* End XCBuildConfiguration section */

/* Begin XCConfigurationList section */
		575D51622CBEDB200070198C /* Build configuration list for PBXProject "cs2370-004-2024f" */ = {
			isa = XCConfigurationList;
			buildConfigurations = (
				575D516C2CBEDB200070198C /* Debug */,
				575D516D2CBEDB200070198C /* Release */,
			);
			defaultConfigurationIsVisible = 0;
			defaultConfigurationName = Release;
		};
		575D516E2CBEDB200070198C /* Build configuration list for PBXNativeTarget "cs2370-004-2024f" */ = {
			isa = XCConfigurationList;
			buildConfigurations = (
				575D516F2CBEDB200070198C /* Debug */,
				575D51702CBEDB200070198C /* Release */,
			);
			defaultConfigurationIsVisible = 0;
			defaultConfigurationName = Release;
		};
/* End XCConfigurationList section */
	};
	rootObject = 575D515F2CBEDB200070198C /* Project object */;
}
